{
  "originHash" : "1dbe18660cd4489bfa903666f1bd3b250d63efdf5f0b22e9ea3917fa2eda3c10",
  "pins" : [
    {
      "identity" : "bitbytedata",
      "kind" : "remoteSourceControl",
      "location" : "https://github.com/tsolomko/BitByteData",
      "state" : {
        "revision" : "cdcdc5177ad536cfb11b95c620f926a81014b7fe",
        "version" : "2.0.4"
      }
    },
    {
      "identity" : "sparkle",
      "kind" : "remoteSourceControl",
      "location" : "https://github.com/sparkle-project/Sparkle",
      "state" : {
        "revision" : "0ca3004e98712ea2b39dd881d28448630cce1c99",
        "version" : "2.7.0"
      }
    },
    {
      "identity" : "swcompression",
      "kind" : "remoteSourceControl",
      "location" : "https://github.com/tsolomko/SWCompression.git",
      "state" : {
        "revision" : "390e0b0af8dd19a600005a242a89e570ff482e09",
        "version" : "4.8.6"
      }
    },
    {
      "identity" : "swift-subprocess",
      "kind" : "remoteSourceControl",
      "location" : "https://github.com/swiftlang/swift-subprocess.git",
      "state" : {
        "revision" : "44922dfe46380cd354ca4b0208e717a3e92b13dd",
        "version" : "0.2.1"
      }
    },
    {
      "identity" : "swift-system",
      "kind" : "remoteSourceControl",
      "location" : "https://github.com/apple/swift-system",
      "state" : {
        "revision" : "395a77f0aa927f0ff73941d7ac35f2b46d47c9db",
        "version" : "1.6.3"
      }
    },
    {
      "identity" : "tailbeatkit",
      "kind" : "remoteSourceControl",
      "location" : "https://github.com/tailbeat/tailbeatkit",
      "state" : {
        "revision" : "caf2eb04a26c72ee79eb9531fcb13f43cbb1a7f5",
        "version" : "0.12.0"
      }
    },
    {
      "identity" : "xadmasterswift",
      "kind" : "remoteSourceControl",
      "location" : "https://github.com/sarensw/XADMasterSwift",
      "state" : {
        "branch" : "main",
        "revision" : "5838ad256846dcd9f489108916424db697593f5a"
      }
    }
  ],
  "version" : 3
}
