{
  "originHash" : "a61fad1a3d49a9dba86808c61ce5ede5b7398f2e85214b01e72141e1c7f18b70",
  "pins" : [
    {
      "identity" : "bitbytedata",
      "kind" : "remoteSourceControl",
      "location" : "https://github.com/tsolomko/BitByteData",
      "state" : {
        "revision" : "cdcdc5177ad536cfb11b95c620f926a81014b7fe",
        "version" : "2.0.4"
      }
    },
    {
      "identity" : "sparkle",
      "kind" : "remoteSourceControl",
      "location" : "https://github.com/sparkle-project/Sparkle",
      "state" : {
        "revision" : "0ca3004e98712ea2b39dd881d28448630cce1c99",
        "version" : "2.7.0"
      }
    },
    {
      "identity" : "swcompression",
      "kind" : "remoteSourceControl",
      "location" : "https://github.com/tsolomko/SWCompression.git",
      "state" : {
        "revision" : "390e0b0af8dd19a600005a242a89e570ff482e09",
        "version" : "4.8.6"
      }
    },
    {
      "identity" : "tailbeat-swift",
      "kind" : "remoteSourceControl",
      "location" : "https://github.com/tailbeat/tailbeat-swift",
      "state" : {
        "revision" : "6b1e584ead6e5d339e12e97a0cd81b98cd0d7c31",
        "version" : "0.10.0"
      }
    },
    {
      "identity" : "xadmasterswift",
      "kind" : "remoteSourceControl",
      "location" : "https://github.com/sarensw/XADMasterSwift",
      "state" : {
        "branch" : "main",
        "revision" : "5838ad256846dcd9f489108916424db697593f5a"
      }
    },
    {
      "identity" : "zipfoundation",
      "kind" : "remoteSourceControl",
      "location" : "https://github.com/weichsel/ZIPFoundation.git",
      "state" : {
        "revision" : "02b6abe5f6eef7e3cbd5f247c5cc24e246efcfe0",
        "version" : "0.9.19"
      }
    }
  ],
  "version" : 3
}
