// !$*UTF8*$!
{
	archiveVersion = 1;
	classes = {
	};
	objectVersion = 70;
	objects = {

/* Begin PBXBuildFile section */
		252F12102E7BAC5D004CCEBE /* FinderExtension.appex in Embed Foundation Extensions */ = {isa = PBXBuildFile; fileRef = 252F12022E7ABDD9004CCEBE /* FinderExtension.appex */; settings = {ATTRIBUTES = (RemoveHeadersOnCopy, ); }; };
		254045192ECB50CD004A4380 /* Core in Frameworks */ = {isa = PBXBuildFile; productRef = 254045182ECB50CD004A4380 /* Core */; };
		2540451B2ECB50D5004A4380 /* Core in Frameworks */ = {isa = PBXBuildFile; productRef = 2540451A2ECB50D5004A4380 /* Core */; };
		2540451D2ECB5DEB004A4380 /* Core in Frameworks */ = {isa = PBXBuildFile; productRef = 2540451C2ECB5DEB004A4380 /* Core */; };
		25404E0C2ED71F86004A4380 /* TailBeatKit in Frameworks */ = {isa = PBXBuildFile; productRef = 25404E0B2ED71F86004A4380 /* TailBeatKit */; };
		254BB55D2ABBE8F50059A1D5 /* Sparkle in Frameworks */ = {isa = PBXBuildFile; productRef = 254BB55C2ABBE8F50059A1D5 /* Sparkle */; };
		2567C8312E8FB75F008E1BD8 /* Quartz.framework in Frameworks */ = {isa = PBXBuildFile; fileRef = 2567C8302E8FB75F008E1BD8 /* Quartz.framework */; };
		2567C83D2E8FB75F008E1BD8 /* QuickLookExtension.appex in Embed Foundation Extensions */ = {isa = PBXBuildFile; fileRef = 2567C82F2E8FB75F008E1BD8 /* QuickLookExtension.appex */; settings = {ATTRIBUTES = (RemoveHeadersOnCopy, ); }; };
		25A28EEB2EA7799200271329 /* QuickLookExtension.appex in Embed Foundation Extensions */ = {isa = PBXBuildFile; fileRef = 2567C82F2E8FB75F008E1BD8 /* QuickLookExtension.appex */; settings = {ATTRIBUTES = (RemoveHeadersOnCopy, ); }; };
		25C764252E6C6D5300464CF5 /* XADMasterSwift in Frameworks */ = {isa = PBXBuildFile; productRef = 25C764242E6C6D5300464CF5 /* XADMasterSwift */; };
		25C764272E6C6D6200464CF5 /* XADMasterSwift in Frameworks */ = {isa = PBXBuildFile; productRef = 25C764262E6C6D6200464CF5 /* XADMasterSwift */; };
		25D80C9E2E80204A00A55040 /* FinderExtension.appex in Embed Foundation Extensions */ = {isa = PBXBuildFile; fileRef = 252F12022E7ABDD9004CCEBE /* FinderExtension.appex */; settings = {ATTRIBUTES = (RemoveHeadersOnCopy, ); }; };
		25E426CA2E6BEB3800F10BE5 /* XADMasterSwift in Frameworks */ = {isa = PBXBuildFile; productRef = 25E426C92E6BEB3800F10BE5 /* XADMasterSwift */; };
/* End PBXBuildFile section */

/* Begin PBXContainerItemProxy section */
		252F12112E7BAC5D004CCEBE /* PBXContainerItemProxy */ = {
			isa = PBXContainerItemProxy;
			containerPortal = 25C0A89C2A78DE5F002C1C2A /* Project object */;
			proxyType = 1;
			remoteGlobalIDString = 252F12012E7ABDD9004CCEBE;
			remoteInfo = FinderExtension;
		};
		252F13CE2E801C4C004CCEBE /* PBXContainerItemProxy */ = {
			isa = PBXContainerItemProxy;
			containerPortal = 25C0A89C2A78DE5F002C1C2A /* Project object */;
			proxyType = 1;
			remoteGlobalIDString = 252F12012E7ABDD9004CCEBE;
			remoteInfo = FinderExtension;
		};
		2567C83B2E8FB75F008E1BD8 /* PBXContainerItemProxy */ = {
			isa = PBXContainerItemProxy;
			containerPortal = 25C0A89C2A78DE5F002C1C2A /* Project object */;
			proxyType = 1;
			remoteGlobalIDString = 2567C82E2E8FB75F008E1BD8;
			remoteInfo = QuickLookExtension;
		};
		25A28EEC2EA7799200271329 /* PBXContainerItemProxy */ = {
			isa = PBXContainerItemProxy;
			containerPortal = 25C0A89C2A78DE5F002C1C2A /* Project object */;
			proxyType = 1;
			remoteGlobalIDString = 2567C82E2E8FB75F008E1BD8;
			remoteInfo = QuickLookExtension;
		};
/* End PBXContainerItemProxy section */

/* Begin PBXCopyFilesBuildPhase section */
		252F12132E7BAC5D004CCEBE /* Embed Foundation Extensions */ = {
			isa = PBXCopyFilesBuildPhase;
			buildActionMask = 2147483647;
			dstPath = "";
			dstSubfolderSpec = 13;
			files = (
				252F12102E7BAC5D004CCEBE /* FinderExtension.appex in Embed Foundation Extensions */,
				25A28EEB2EA7799200271329 /* QuickLookExtension.appex in Embed Foundation Extensions */,
			);
			name = "Embed Foundation Extensions";
			runOnlyForDeploymentPostprocessing = 0;
		};
		252F13D02E801C4C004CCEBE /* Embed Foundation Extensions */ = {
			isa = PBXCopyFilesBuildPhase;
			buildActionMask = 12;
			dstPath = "";
			dstSubfolderSpec = 13;
			files = (
				25D80C9E2E80204A00A55040 /* FinderExtension.appex in Embed Foundation Extensions */,
				2567C83D2E8FB75F008E1BD8 /* QuickLookExtension.appex in Embed Foundation Extensions */,
			);
			name = "Embed Foundation Extensions";
			runOnlyForDeploymentPostprocessing = 0;
		};
/* End PBXCopyFilesBuildPhase section */

/* Begin PBXFileReference section */
		2506FEBE2EE8537600C2F03F /* CoreTests.xctestplan */ = {isa = PBXFileReference; lastKnownFileType = text; name = CoreTests.xctestplan; path = Modules/Tests/CoreTests/CoreTests.xctestplan; sourceTree = "<group>"; };
		252F12022E7ABDD9004CCEBE /* FinderExtension.appex */ = {isa = PBXFileReference; explicitFileType = "wrapper.app-extension"; includeInIndex = 0; path = FinderExtension.appex; sourceTree = BUILT_PRODUCTS_DIR; };
		254045152ECB4EBE004A4380 /* Modules */ = {isa = PBXFileReference; lastKnownFileType = wrapper; path = Modules; sourceTree = "<group>"; };
		254BB5592ABBE8430059A1D5 /* MacPackerStore.app */ = {isa = PBXFileReference; explicitFileType = wrapper.application; includeInIndex = 0; path = MacPackerStore.app; sourceTree = BUILT_PRODUCTS_DIR; };
		2567C82F2E8FB75F008E1BD8 /* QuickLookExtension.appex */ = {isa = PBXFileReference; explicitFileType = "wrapper.app-extension"; includeInIndex = 0; path = QuickLookExtension.appex; sourceTree = BUILT_PRODUCTS_DIR; };
		2567C8302E8FB75F008E1BD8 /* Quartz.framework */ = {isa = PBXFileReference; lastKnownFileType = wrapper.framework; name = Quartz.framework; path = System/Library/Frameworks/Quartz.framework; sourceTree = SDKROOT; };
		25C0A8A42A78DE5F002C1C2A /* MacPacker.app */ = {isa = PBXFileReference; explicitFileType = wrapper.application; includeInIndex = 0; path = MacPacker.app; sourceTree = BUILT_PRODUCTS_DIR; };
/* End PBXFileReference section */

/* Begin PBXFileSystemSynchronizedBuildFileExceptionSet section */
		251114F72DC6D3AA0056D272 /* PBXFileSystemSynchronizedBuildFileExceptionSet */ = {
			isa = PBXFileSystemSynchronizedBuildFileExceptionSet;
			membershipExceptions = (
				Info.plist,
			);
			target = 25C0A8A32A78DE5F002C1C2A /* MacPacker */;
		};
		251114F82DC6D3AA0056D272 /* PBXFileSystemSynchronizedBuildFileExceptionSet */ = {
			isa = PBXFileSystemSynchronizedBuildFileExceptionSet;
			membershipExceptions = (
				Features/Updates/CheckForUpdatesView.swift,
				Info.plist,
			);
			target = 254BB53C2ABBE8430059A1D5 /* MacPacker Store */;
		};
		252F120E2E7ABDD9004CCEBE /* PBXFileSystemSynchronizedBuildFileExceptionSet */ = {
			isa = PBXFileSystemSynchronizedBuildFileExceptionSet;
			membershipExceptions = (
				Info.plist,
			);
			target = 252F12012E7ABDD9004CCEBE /* FinderExtension */;
		};
		2567C8412E8FB75F008E1BD8 /* PBXFileSystemSynchronizedBuildFileExceptionSet */ = {
			isa = PBXFileSystemSynchronizedBuildFileExceptionSet;
			membershipExceptions = (
				Info.plist,
			);
			target = 2567C82E2E8FB75F008E1BD8 /* QuickLookExtension */;
		};
		257A675B2E829CF100532C84 /* PBXFileSystemSynchronizedBuildFileExceptionSet */ = {
			isa = PBXFileSystemSynchronizedBuildFileExceptionSet;
			membershipExceptions = (
				Assets.xcassets,
			);
			target = 252F12012E7ABDD9004CCEBE /* FinderExtension */;
		};
/* End PBXFileSystemSynchronizedBuildFileExceptionSet section */

/* Begin PBXFileSystemSynchronizedRootGroup section */
		251114B22DC6D3AA0056D272 /* MacPacker */ = {isa = PBXFileSystemSynchronizedRootGroup; exceptions = (251114F72DC6D3AA0056D272 /* PBXFileSystemSynchronizedBuildFileExceptionSet */, 251114F82DC6D3AA0056D272 /* PBXFileSystemSynchronizedBuildFileExceptionSet */, 257A675B2E829CF100532C84 /* PBXFileSystemSynchronizedBuildFileExceptionSet */, ); explicitFileTypes = {}; explicitFolders = (); path = MacPacker; sourceTree = "<group>"; };
		252F12032E7ABDD9004CCEBE /* FinderExtension */ = {isa = PBXFileSystemSynchronizedRootGroup; exceptions = (252F120E2E7ABDD9004CCEBE /* PBXFileSystemSynchronizedBuildFileExceptionSet */, ); explicitFileTypes = {}; explicitFolders = (); path = FinderExtension; sourceTree = "<group>"; };
		2567C8322E8FB75F008E1BD8 /* QuickLookExtension */ = {isa = PBXFileSystemSynchronizedRootGroup; exceptions = (2567C8412E8FB75F008E1BD8 /* PBXFileSystemSynchronizedBuildFileExceptionSet */, ); explicitFileTypes = {}; explicitFolders = (); path = QuickLookExtension; sourceTree = "<group>"; };
/* End PBXFileSystemSynchronizedRootGroup section */

/* Begin PBXFrameworksBuildPhase section */
		252F11FF2E7ABDD9004CCEBE /* Frameworks */ = {
			isa = PBXFrameworksBuildPhase;
			buildActionMask = 2147483647;
			files = (
				25404E0C2ED71F86004A4380 /* TailBeatKit in Frameworks */,
			);
			runOnlyForDeploymentPostprocessing = 0;
		};
		254BB5502ABBE8430059A1D5 /* Frameworks */ = {
			isa = PBXFrameworksBuildPhase;
			buildActionMask = 2147483647;
			files = (
				25C764272E6C6D6200464CF5 /* XADMasterSwift in Frameworks */,
				2540451B2ECB50D5004A4380 /* Core in Frameworks */,
			);
			runOnlyForDeploymentPostprocessing = 0;
		};
		2567C82C2E8FB75F008E1BD8 /* Frameworks */ = {
			isa = PBXFrameworksBuildPhase;
			buildActionMask = 2147483647;
			files = (
				2567C8312E8FB75F008E1BD8 /* Quartz.framework in Frameworks */,
				2540451D2ECB5DEB004A4380 /* Core in Frameworks */,
			);
			runOnlyForDeploymentPostprocessing = 0;
		};
		25C0A8A12A78DE5F002C1C2A /* Frameworks */ = {
			isa = PBXFrameworksBuildPhase;
			buildActionMask = 2147483647;
			files = (
				25E426CA2E6BEB3800F10BE5 /* XADMasterSwift in Frameworks */,
				25C764252E6C6D5300464CF5 /* XADMasterSwift in Frameworks */,
				254045192ECB50CD004A4380 /* Core in Frameworks */,
				254BB55D2ABBE8F50059A1D5 /* Sparkle in Frameworks */,
			);
			runOnlyForDeploymentPostprocessing = 0;
		};
/* End PBXFrameworksBuildPhase section */

/* Begin PBXGroup section */
		25C0A89B2A78DE5F002C1C2A = {
			isa = PBXGroup;
			children = (
				2506FEBE2EE8537600C2F03F /* CoreTests.xctestplan */,
				254045152ECB4EBE004A4380 /* Modules */,
				251114B22DC6D3AA0056D272 /* MacPacker */,
				252F12032E7ABDD9004CCEBE /* FinderExtension */,
				2567C8322E8FB75F008E1BD8 /* QuickLookExtension */,
				25C0A8A52A78DE5F002C1C2A /* Products */,
				25C0A8DF2A7B5569002C1C2A /* Frameworks */,
			);
			sourceTree = "<group>";
		};
		25C0A8A52A78DE5F002C1C2A /* Products */ = {
			isa = PBXGroup;
			children = (
				25C0A8A42A78DE5F002C1C2A /* MacPacker.app */,
				254BB5592ABBE8430059A1D5 /* MacPackerStore.app */,
				252F12022E7ABDD9004CCEBE /* FinderExtension.appex */,
				2567C82F2E8FB75F008E1BD8 /* QuickLookExtension.appex */,
			);
			name = Products;
			sourceTree = "<group>";
		};
		25C0A8DF2A7B5569002C1C2A /* Frameworks */ = {
			isa = PBXGroup;
			children = (
				2567C8302E8FB75F008E1BD8 /* Quartz.framework */,
			);
			name = Frameworks;
			sourceTree = "<group>";
		};
/* End PBXGroup section */

/* Begin PBXNativeTarget section */
		252F12012E7ABDD9004CCEBE /* FinderExtension */ = {
			isa = PBXNativeTarget;
			buildConfigurationList = 252F120B2E7ABDD9004CCEBE /* Build configuration list for PBXNativeTarget "FinderExtension" */;
			buildPhases = (
				252F11FE2E7ABDD9004CCEBE /* Sources */,
				252F11FF2E7ABDD9004CCEBE /* Frameworks */,
				252F12002E7ABDD9004CCEBE /* Resources */,
			);
			buildRules = (
			);
			dependencies = (
			);
			fileSystemSynchronizedGroups = (
				252F12032E7ABDD9004CCEBE /* FinderExtension */,
			);
			name = FinderExtension;
			packageProductDependencies = (
				25404E0B2ED71F86004A4380 /* TailBeatKit */,
			);
			productName = FinderExtension;
			productReference = 252F12022E7ABDD9004CCEBE /* FinderExtension.appex */;
			productType = "com.apple.product-type.app-extension";
		};
		254BB53C2ABBE8430059A1D5 /* MacPacker Store */ = {
			isa = PBXNativeTarget;
			buildConfigurationList = 254BB5562ABBE8430059A1D5 /* Build configuration list for PBXNativeTarget "MacPacker Store" */;
			buildPhases = (
				254BB5412ABBE8430059A1D5 /* Sources */,
				254BB5502ABBE8430059A1D5 /* Frameworks */,
				254BB5532ABBE8430059A1D5 /* Resources */,
				252F12132E7BAC5D004CCEBE /* Embed Foundation Extensions */,
				254045212ECB66B5004A4380 /* ShellScript */,
			);
			buildRules = (
			);
			dependencies = (
				252F12122E7BAC5D004CCEBE /* PBXTargetDependency */,
				25A28EED2EA7799200271329 /* PBXTargetDependency */,
			);
			fileSystemSynchronizedGroups = (
				251114B22DC6D3AA0056D272 /* MacPacker */,
			);
			name = "MacPacker Store";
			packageProductDependencies = (
				25C764262E6C6D6200464CF5 /* XADMasterSwift */,
				2540451A2ECB50D5004A4380 /* Core */,
			);
			productName = MacPacker;
			productReference = 254BB5592ABBE8430059A1D5 /* MacPackerStore.app */;
			productType = "com.apple.product-type.application";
		};
		2567C82E2E8FB75F008E1BD8 /* QuickLookExtension */ = {
			isa = PBXNativeTarget;
			buildConfigurationList = 2567C83E2E8FB75F008E1BD8 /* Build configuration list for PBXNativeTarget "QuickLookExtension" */;
			buildPhases = (
				2567C82B2E8FB75F008E1BD8 /* Sources */,
				2567C82C2E8FB75F008E1BD8 /* Frameworks */,
				2567C82D2E8FB75F008E1BD8 /* Resources */,
			);
			buildRules = (
			);
			dependencies = (
			);
			fileSystemSynchronizedGroups = (
				2567C8322E8FB75F008E1BD8 /* QuickLookExtension */,
			);
			name = QuickLookExtension;
			packageProductDependencies = (
				2540451C2ECB5DEB004A4380 /* Core */,
			);
			productName = QuickLookExtension;
			productReference = 2567C82F2E8FB75F008E1BD8 /* QuickLookExtension.appex */;
			productType = "com.apple.product-type.app-extension";
		};
		25C0A8A32A78DE5F002C1C2A /* MacPacker */ = {
			isa = PBXNativeTarget;
			buildConfigurationList = 25C0A8C92A78DE62002C1C2A /* Build configuration list for PBXNativeTarget "MacPacker" */;
			buildPhases = (
				25C0A8A02A78DE5F002C1C2A /* Sources */,
				25C0A8A12A78DE5F002C1C2A /* Frameworks */,
				25C0A8A22A78DE5F002C1C2A /* Resources */,
				252F13D02E801C4C004CCEBE /* Embed Foundation Extensions */,
				25951DF52EC62EB000890351 /* ShellScript */,
			);
			buildRules = (
			);
			dependencies = (
				252F13CF2E801C4C004CCEBE /* PBXTargetDependency */,
				2567C83C2E8FB75F008E1BD8 /* PBXTargetDependency */,
			);
			fileSystemSynchronizedGroups = (
				251114B22DC6D3AA0056D272 /* MacPacker */,
			);
			name = MacPacker;
			packageProductDependencies = (
				254BB55C2ABBE8F50059A1D5 /* Sparkle */,
				25E426C92E6BEB3800F10BE5 /* XADMasterSwift */,
				25C764242E6C6D5300464CF5 /* XADMasterSwift */,
				254045182ECB50CD004A4380 /* Core */,
			);
			productName = MacPacker;
			productReference = 25C0A8A42A78DE5F002C1C2A /* MacPacker.app */;
			productType = "com.apple.product-type.application";
		};
/* End PBXNativeTarget section */

/* Begin PBXProject section */
		25C0A89C2A78DE5F002C1C2A /* Project object */ = {
			isa = PBXProject;
			attributes = {
				BuildIndependentTargetsInParallel = 1;
				LastSwiftUpdateCheck = 2600;
				LastUpgradeCheck = 1430;
				TargetAttributes = {
					252F12012E7ABDD9004CCEBE = {
						CreatedOnToolsVersion = 16.4;
					};
					2567C82E2E8FB75F008E1BD8 = {
						CreatedOnToolsVersion = 26.0.1;
					};
					25C0A8A32A78DE5F002C1C2A = {
						CreatedOnToolsVersion = 14.3.1;
					};
				};
			};
			buildConfigurationList = 25C0A89F2A78DE5F002C1C2A /* Build configuration list for PBXProject "MacPacker" */;
			compatibilityVersion = "Xcode 14.0";
			developmentRegion = en;
			hasScannedForEncodings = 0;
			knownRegions = (
				en,
				Base,
				de,
				"zh-Hans",
				fr,
				it,
				ru,
				uk,
				fa,
				"pt-BR",
			);
			mainGroup = 25C0A89B2A78DE5F002C1C2A;
			packageReferences = (
				254BB55B2ABBE8F50059A1D5 /* XCRemoteSwiftPackageReference "Sparkle" */,
				25C764232E6C6D5300464CF5 /* XCRemoteSwiftPackageReference "XADMasterSwift" */,
				25404E0A2ED71F86004A4380 /* XCRemoteSwiftPackageReference "tailbeatkit" */,
			);
			productRefGroup = 25C0A8A52A78DE5F002C1C2A /* Products */;
			projectDirPath = "";
			projectRoot = "";
			targets = (
				25C0A8A32A78DE5F002C1C2A /* MacPacker */,
				254BB53C2ABBE8430059A1D5 /* MacPacker Store */,
				252F12012E7ABDD9004CCEBE /* FinderExtension */,
				2567C82E2E8FB75F008E1BD8 /* QuickLookExtension */,
			);
		};
/* End PBXProject section */

/* Begin PBXResourcesBuildPhase section */
		252F12002E7ABDD9004CCEBE /* Resources */ = {
			isa = PBXResourcesBuildPhase;
			buildActionMask = 2147483647;
			files = (
			);
			runOnlyForDeploymentPostprocessing = 0;
		};
		254BB5532ABBE8430059A1D5 /* Resources */ = {
			isa = PBXResourcesBuildPhase;
			buildActionMask = 2147483647;
			files = (
			);
			runOnlyForDeploymentPostprocessing = 0;
		};
		2567C82D2E8FB75F008E1BD8 /* Resources */ = {
			isa = PBXResourcesBuildPhase;
			buildActionMask = 2147483647;
			files = (
			);
			runOnlyForDeploymentPostprocessing = 0;
		};
		25C0A8A22A78DE5F002C1C2A /* Resources */ = {
			isa = PBXResourcesBuildPhase;
			buildActionMask = 2147483647;
			files = (
			);
			runOnlyForDeploymentPostprocessing = 0;
		};
/* End PBXResourcesBuildPhase section */

/* Begin PBXShellScriptBuildPhase section */
		254045212ECB66B5004A4380 /* ShellScript */ = {
			isa = PBXShellScriptBuildPhase;
			alwaysOutOfDate = 1;
			buildActionMask = 2147483647;
			files = (
			);
			inputFileListPaths = (
			);
			inputPaths = (
			);
			outputFileListPaths = (
			);
			outputPaths = (
			);
			runOnlyForDeploymentPostprocessing = 0;
			shellPath = /bin/sh;
			shellScript = "#!/bin/sh\nset -eu\n\n# Keep for Release/Archive\nif [ \"${CONFIGURATION:-}\" != \"Release\" ]; then\n  exit 0\nfi\n\nAPP=\"${TARGET_BUILD_DIR}/${FULL_PRODUCT_NAME}\"\necho \"APP=$APP\"\n\n# Sign every 7zz inside THIS app bundle\n/usr/bin/find \"$APP\" -type f -name \"7zz\" -print | while IFS= read -r helper; do\n  echo \"Signing helper: $helper\"\n  /bin/chmod +x \"$helper\" 2>/dev/null || true\n\n  ENT=\"$(dirname \"$helper\")/7zz.entitlements\"\n  if [ ! -f \"$ENT\" ]; then\n    echo \"Entitlements not found next to helper: $ENT\"\n    exit 1\n  fi\n\n  /usr/bin/codesign --force \\\n    --sign \"${EXPANDED_CODE_SIGN_IDENTITY}\" \\\n    --entitlements \"$ENT\" \\\n    \"$helper\"\ndone\n";
		};
		25951DF52EC62EB000890351 /* ShellScript */ = {
			isa = PBXShellScriptBuildPhase;
			alwaysOutOfDate = 1;
			buildActionMask = 2147483647;
			files = (
			);
			inputFileListPaths = (
			);
			inputPaths = (
			);
			outputFileListPaths = (
			);
			outputPaths = (
			);
			runOnlyForDeploymentPostprocessing = 0;
			shellPath = /bin/sh;
			shellScript = "#!/bin/sh\nset -euo pipefail\n\n# Only for Release (Archive is Release anyway)\nif [ \"$CONFIGURATION\" != \"Release\" ]; then\n  exit 0\nfi\n\nAPP=\"${TARGET_BUILD_DIR}/${FULL_PRODUCT_NAME}\"\n\nHELPERS=\"\n$APP/Contents/Resources/Modules_Core.bundle/Contents/Resources/7zz\n$APP/Contents/PlugIns/QuickLookExtension.appex/Contents/Resources/Modules_Core.bundle/Contents/Resources/7zz\n\"\n\nfor helper in $HELPERS; do\n  if [ -f \"$helper\" ]; then\n    echo \"Signing: $helper\"\n    /bin/chmod +x \"$helper\" 2>/dev/null || true\n    /usr/bin/codesign --force \\\n      --sign \"${EXPANDED_CODE_SIGN_IDENTITY}\" \\\n      --options runtime \\\n      --timestamp \\\n      \"$helper\"\n  else\n    echo \"Missing (skipping): $helper\"\n  fi\ndone\n";
		};
/* End PBXShellScriptBuildPhase section */

/* Begin PBXSourcesBuildPhase section */
		252F11FE2E7ABDD9004CCEBE /* Sources */ = {
			isa = PBXSourcesBuildPhase;
			buildActionMask = 2147483647;
			files = (
			);
			runOnlyForDeploymentPostprocessing = 0;
		};
		254BB5412ABBE8430059A1D5 /* Sources */ = {
			isa = PBXSourcesBuildPhase;
			buildActionMask = 2147483647;
			files = (
			);
			runOnlyForDeploymentPostprocessing = 0;
		};
		2567C82B2E8FB75F008E1BD8 /* Sources */ = {
			isa = PBXSourcesBuildPhase;
			buildActionMask = 2147483647;
			files = (
			);
			runOnlyForDeploymentPostprocessing = 0;
		};
		25C0A8A02A78DE5F002C1C2A /* Sources */ = {
			isa = PBXSourcesBuildPhase;
			buildActionMask = 2147483647;
			files = (
			);
			runOnlyForDeploymentPostprocessing = 0;
		};
/* End PBXSourcesBuildPhase section */

/* Begin PBXTargetDependency section */
		252F12122E7BAC5D004CCEBE /* PBXTargetDependency */ = {
			isa = PBXTargetDependency;
			target = 252F12012E7ABDD9004CCEBE /* FinderExtension */;
			targetProxy = 252F12112E7BAC5D004CCEBE /* PBXContainerItemProxy */;
		};
		252F13CF2E801C4C004CCEBE /* PBXTargetDependency */ = {
			isa = PBXTargetDependency;
			target = 252F12012E7ABDD9004CCEBE /* FinderExtension */;
			targetProxy = 252F13CE2E801C4C004CCEBE /* PBXContainerItemProxy */;
		};
		2567C83C2E8FB75F008E1BD8 /* PBXTargetDependency */ = {
			isa = PBXTargetDependency;
			target = 2567C82E2E8FB75F008E1BD8 /* QuickLookExtension */;
			targetProxy = 2567C83B2E8FB75F008E1BD8 /* PBXContainerItemProxy */;
		};
		25A28EED2EA7799200271329 /* PBXTargetDependency */ = {
			isa = PBXTargetDependency;
			target = 2567C82E2E8FB75F008E1BD8 /* QuickLookExtension */;
			targetProxy = 25A28EEC2EA7799200271329 /* PBXContainerItemProxy */;
		};
/* End PBXTargetDependency section */

/* Begin XCBuildConfiguration section */
		252F120C2E7ABDD9004CCEBE /* Debug */ = {
			isa = XCBuildConfiguration;
			buildSettings = {
				ASSETCATALOG_COMPILER_GENERATE_SWIFT_ASSET_SYMBOL_EXTENSIONS = YES;
				CODE_SIGN_ENTITLEMENTS = FinderExtension/FinderExtension.entitlements;
				CODE_SIGN_STYLE = Automatic;
				COMBINE_HIDPI_IMAGES = YES;
				CURRENT_PROJECT_VERSION = 19;
				DEVELOPMENT_TEAM = ZJ2TSMMJWF;
				ENABLE_HARDENED_RUNTIME = YES;
				ENABLE_USER_SCRIPT_SANDBOXING = YES;
				GCC_C_LANGUAGE_STANDARD = gnu17;
				GENERATE_INFOPLIST_FILE = YES;
				INFOPLIST_FILE = FinderExtension/Info.plist;
				INFOPLIST_KEY_CFBundleDisplayName = "MacPacker Finder Integration";
				INFOPLIST_KEY_NSHumanReadableCopyright = "";
				LD_RUNPATH_SEARCH_PATHS = (
					"$(inherited)",
					"@executable_path/../Frameworks",
					"@executable_path/../../../../Frameworks",
				);
				LOCALIZATION_PREFERS_STRING_CATALOGS = YES;
				MACOSX_DEPLOYMENT_TARGET = 13.5;
				MARKETING_VERSION = 0.14;
				PRODUCT_BUNDLE_IDENTIFIER = com.sarensx.MacPacker.FinderExtension;
				PRODUCT_NAME = "$(TARGET_NAME)";
				REGISTER_APP_GROUPS = YES;
				SKIP_INSTALL = YES;
				SWIFT_ACTIVE_COMPILATION_CONDITIONS = "DEBUG $(inherited)";
				SWIFT_EMIT_LOC_STRINGS = YES;
				SWIFT_VERSION = 5.0;
			};
			name = Debug;
		};
		252F120D2E7ABDD9004CCEBE /* Release */ = {
			isa = XCBuildConfiguration;
			buildSettings = {
				ASSETCATALOG_COMPILER_GENERATE_SWIFT_ASSET_SYMBOL_EXTENSIONS = YES;
				CODE_SIGN_ENTITLEMENTS = FinderExtension/FinderExtension.entitlements;
				CODE_SIGN_STYLE = Automatic;
				COMBINE_HIDPI_IMAGES = YES;
				CURRENT_PROJECT_VERSION = 19;
				DEVELOPMENT_TEAM = ZJ2TSMMJWF;
				ENABLE_HARDENED_RUNTIME = YES;
				ENABLE_USER_SCRIPT_SANDBOXING = YES;
				GCC_C_LANGUAGE_STANDARD = gnu17;
				GENERATE_INFOPLIST_FILE = YES;
				INFOPLIST_FILE = FinderExtension/Info.plist;
				INFOPLIST_KEY_CFBundleDisplayName = "MacPacker Finder Integration";
				INFOPLIST_KEY_NSHumanReadableCopyright = "";
				LD_RUNPATH_SEARCH_PATHS = (
					"$(inherited)",
					"@executable_path/../Frameworks",
					"@executable_path/../../../../Frameworks",
				);
				LOCALIZATION_PREFERS_STRING_CATALOGS = YES;
				MACOSX_DEPLOYMENT_TARGET = 13.5;
				MARKETING_VERSION = 0.14;
				PRODUCT_BUNDLE_IDENTIFIER = com.sarensx.MacPacker.FinderExtension;
				PRODUCT_NAME = "$(TARGET_NAME)";
				REGISTER_APP_GROUPS = YES;
				SKIP_INSTALL = YES;
				SWIFT_EMIT_LOC_STRINGS = YES;
				SWIFT_VERSION = 5.0;
			};
			name = Release;
		};
		254BB5572ABBE8430059A1D5 /* Debug */ = {
			isa = XCBuildConfiguration;
			buildSettings = {
				ASSETCATALOG_COMPILER_APPICON_NAME = AppIcon;
				ASSETCATALOG_COMPILER_GLOBAL_ACCENT_COLOR_NAME = AccentColor;
				ASSETCATALOG_COMPILER_INCLUDE_ALL_APPICON_ASSETS = NO;
				CODE_SIGN_ENTITLEMENTS = MacPacker/MacPacker.entitlements;
				CODE_SIGN_STYLE = Automatic;
				COMBINE_HIDPI_IMAGES = YES;
				CURRENT_PROJECT_VERSION = 19;
				DEVELOPMENT_ASSET_PATHS = "\"MacPacker/Preview Content\"";
				DEVELOPMENT_TEAM = ZJ2TSMMJWF;
				ENABLE_APP_SANDBOX = YES;
				ENABLE_HARDENED_RUNTIME = YES;
				ENABLE_INCOMING_NETWORK_CONNECTIONS = NO;
				ENABLE_OUTGOING_NETWORK_CONNECTIONS = NO;
				ENABLE_PREVIEWS = YES;
				ENABLE_RESOURCE_ACCESS_AUDIO_INPUT = NO;
				ENABLE_RESOURCE_ACCESS_BLUETOOTH = NO;
				ENABLE_RESOURCE_ACCESS_CALENDARS = NO;
				ENABLE_RESOURCE_ACCESS_CAMERA = NO;
				ENABLE_RESOURCE_ACCESS_CONTACTS = NO;
				ENABLE_RESOURCE_ACCESS_LOCATION = NO;
				ENABLE_RESOURCE_ACCESS_PRINTING = NO;
				ENABLE_RESOURCE_ACCESS_USB = NO;
				FRAMEWORK_SEARCH_PATHS = "$(inherited)";
				GENERATE_INFOPLIST_FILE = YES;
				INFOPLIST_FILE = MacPacker/Info_Store.plist;
				INFOPLIST_KEY_CFBundleDisplayName = MacPacker;
				INFOPLIST_KEY_LSApplicationCategoryType = "public.app-category.utilities";
				INFOPLIST_KEY_NSHumanReadableCopyright = "";
				LD_RUNPATH_SEARCH_PATHS = (
					"$(inherited)",
					"@executable_path/../Frameworks",
				);
				MACOSX_DEPLOYMENT_TARGET = 13.5;
				MARKETING_VERSION = 0.14;
				OTHER_SWIFT_FLAGS = "-DSTORE";
				PRODUCT_BUNDLE_IDENTIFIER = com.sarensx.MacPacker;
				PRODUCT_NAME = MacPackerStore;
				STRING_CATALOG_GENERATE_SYMBOLS = YES;
				SWIFT_EMIT_LOC_STRINGS = YES;
				SWIFT_VERSION = 5.0;
			};
			name = Debug;
		};
		254BB5582ABBE8430059A1D5 /* Release */ = {
			isa = XCBuildConfiguration;
			buildSettings = {
				ASSETCATALOG_COMPILER_APPICON_NAME = AppIcon;
				ASSETCATALOG_COMPILER_GLOBAL_ACCENT_COLOR_NAME = AccentColor;
				ASSETCATALOG_COMPILER_INCLUDE_ALL_APPICON_ASSETS = NO;
				CODE_SIGN_ENTITLEMENTS = MacPacker/MacPacker.entitlements;
				CODE_SIGN_STYLE = Automatic;
				COMBINE_HIDPI_IMAGES = YES;
				CURRENT_PROJECT_VERSION = 19;
				DEVELOPMENT_ASSET_PATHS = "\"MacPacker/Preview Content\"";
				DEVELOPMENT_TEAM = ZJ2TSMMJWF;
				ENABLE_APP_SANDBOX = YES;
				ENABLE_HARDENED_RUNTIME = YES;
				ENABLE_INCOMING_NETWORK_CONNECTIONS = NO;
				ENABLE_OUTGOING_NETWORK_CONNECTIONS = NO;
				ENABLE_PREVIEWS = YES;
				ENABLE_RESOURCE_ACCESS_AUDIO_INPUT = NO;
				ENABLE_RESOURCE_ACCESS_BLUETOOTH = NO;
				ENABLE_RESOURCE_ACCESS_CALENDARS = NO;
				ENABLE_RESOURCE_ACCESS_CAMERA = NO;
				ENABLE_RESOURCE_ACCESS_CONTACTS = NO;
				ENABLE_RESOURCE_ACCESS_LOCATION = NO;
				ENABLE_RESOURCE_ACCESS_PRINTING = NO;
				ENABLE_RESOURCE_ACCESS_USB = NO;
				FRAMEWORK_SEARCH_PATHS = "$(inherited)";
				GENERATE_INFOPLIST_FILE = YES;
				INFOPLIST_FILE = MacPacker/Info_Store.plist;
				INFOPLIST_KEY_CFBundleDisplayName = MacPacker;
				INFOPLIST_KEY_LSApplicationCategoryType = "public.app-category.utilities";
				INFOPLIST_KEY_NSHumanReadableCopyright = "";
				LD_RUNPATH_SEARCH_PATHS = (
					"$(inherited)",
					"@executable_path/../Frameworks",
				);
				MACOSX_DEPLOYMENT_TARGET = 13.5;
				MARKETING_VERSION = 0.14;
				OTHER_SWIFT_FLAGS = "-DSTORE";
				PRODUCT_BUNDLE_IDENTIFIER = com.sarensx.MacPacker;
				PRODUCT_NAME = MacPackerStore;
				STRING_CATALOG_GENERATE_SYMBOLS = YES;
				SWIFT_EMIT_LOC_STRINGS = YES;
				SWIFT_VERSION = 5.0;
			};
			name = Release;
		};
		2567C83F2E8FB75F008E1BD8 /* Debug */ = {
			isa = XCBuildConfiguration;
			buildSettings = {
				ASSETCATALOG_COMPILER_GENERATE_SWIFT_ASSET_SYMBOL_EXTENSIONS = YES;
				CODE_SIGN_ENTITLEMENTS = QuickLookExtension/QuickLookExtension.entitlements;
				CODE_SIGN_STYLE = Automatic;
				CURRENT_PROJECT_VERSION = 19;
				DEVELOPMENT_TEAM = ZJ2TSMMJWF;
				ENABLE_APP_SANDBOX = YES;
				ENABLE_HARDENED_RUNTIME = YES;
				ENABLE_INCOMING_NETWORK_CONNECTIONS = NO;
				ENABLE_OUTGOING_NETWORK_CONNECTIONS = YES;
				ENABLE_RESOURCE_ACCESS_AUDIO_INPUT = NO;
				ENABLE_RESOURCE_ACCESS_BLUETOOTH = NO;
				ENABLE_RESOURCE_ACCESS_CALENDARS = NO;
				ENABLE_RESOURCE_ACCESS_CAMERA = NO;
				ENABLE_RESOURCE_ACCESS_CONTACTS = NO;
				ENABLE_RESOURCE_ACCESS_LOCATION = NO;
				ENABLE_RESOURCE_ACCESS_PRINTING = NO;
				ENABLE_RESOURCE_ACCESS_USB = NO;
				ENABLE_USER_SCRIPT_SANDBOXING = YES;
				ENABLE_USER_SELECTED_FILES = readwrite;
				GCC_C_LANGUAGE_STANDARD = gnu17;
				GENERATE_INFOPLIST_FILE = YES;
				INFOPLIST_FILE = QuickLookExtension/Info.plist;
				INFOPLIST_KEY_CFBundleDisplayName = "MacPacker Preview";
				INFOPLIST_KEY_NSHumanReadableCopyright = "";
				LD_RUNPATH_SEARCH_PATHS = (
					"$(inherited)",
					"@executable_path/../Frameworks",
					"@executable_path/../../../../Frameworks",
				);
				LOCALIZATION_PREFERS_STRING_CATALOGS = YES;
				MACOSX_DEPLOYMENT_TARGET = 13.5;
				MARKETING_VERSION = 0.14;
				PRODUCT_BUNDLE_IDENTIFIER = com.sarensx.MacPacker.QuickLookExtension;
				PRODUCT_NAME = "$(TARGET_NAME)";
				REGISTER_APP_GROUPS = YES;
				SKIP_INSTALL = YES;
				STRING_CATALOG_GENERATE_SYMBOLS = YES;
				SWIFT_ACTIVE_COMPILATION_CONDITIONS = "DEBUG $(inherited)";
				SWIFT_APPROACHABLE_CONCURRENCY = YES;
				SWIFT_EMIT_LOC_STRINGS = YES;
				SWIFT_UPCOMING_FEATURE_MEMBER_IMPORT_VISIBILITY = YES;
				SWIFT_VERSION = 5.0;
			};
			name = Debug;
		};
		2567C8402E8FB75F008E1BD8 /* Release */ = {
			isa = XCBuildConfiguration;
			buildSettings = {
				ASSETCATALOG_COMPILER_GENERATE_SWIFT_ASSET_SYMBOL_EXTENSIONS = YES;
				CODE_SIGN_ENTITLEMENTS = QuickLookExtension/QuickLookExtension.entitlements;
				CODE_SIGN_STYLE = Automatic;
				CURRENT_PROJECT_VERSION = 19;
				DEVELOPMENT_TEAM = ZJ2TSMMJWF;
				ENABLE_APP_SANDBOX = YES;
				ENABLE_HARDENED_RUNTIME = YES;
				ENABLE_INCOMING_NETWORK_CONNECTIONS = NO;
				ENABLE_OUTGOING_NETWORK_CONNECTIONS = YES;
				ENABLE_RESOURCE_ACCESS_AUDIO_INPUT = NO;
				ENABLE_RESOURCE_ACCESS_BLUETOOTH = NO;
				ENABLE_RESOURCE_ACCESS_CALENDARS = NO;
				ENABLE_RESOURCE_ACCESS_CAMERA = NO;
				ENABLE_RESOURCE_ACCESS_CONTACTS = NO;
				ENABLE_RESOURCE_ACCESS_LOCATION = NO;
				ENABLE_RESOURCE_ACCESS_PRINTING = NO;
				ENABLE_RESOURCE_ACCESS_USB = NO;
				ENABLE_USER_SCRIPT_SANDBOXING = YES;
				ENABLE_USER_SELECTED_FILES = readwrite;
				GCC_C_LANGUAGE_STANDARD = gnu17;
				GENERATE_INFOPLIST_FILE = YES;
				INFOPLIST_FILE = QuickLookExtension/Info.plist;
				INFOPLIST_KEY_CFBundleDisplayName = "MacPacker Preview";
				INFOPLIST_KEY_NSHumanReadableCopyright = "";
				LD_RUNPATH_SEARCH_PATHS = (
					"$(inherited)",
					"@executable_path/../Frameworks",
					"@executable_path/../../../../Frameworks",
				);
				LOCALIZATION_PREFERS_STRING_CATALOGS = YES;
				MACOSX_DEPLOYMENT_TARGET = 13.5;
				MARKETING_VERSION = 0.14;
				PRODUCT_BUNDLE_IDENTIFIER = com.sarensx.MacPacker.QuickLookExtension;
				PRODUCT_NAME = "$(TARGET_NAME)";
				REGISTER_APP_GROUPS = YES;
				SKIP_INSTALL = YES;
				STRING_CATALOG_GENERATE_SYMBOLS = YES;
				SWIFT_APPROACHABLE_CONCURRENCY = YES;
				SWIFT_EMIT_LOC_STRINGS = YES;
				SWIFT_UPCOMING_FEATURE_MEMBER_IMPORT_VISIBILITY = YES;
				SWIFT_VERSION = 5.0;
			};
			name = Release;
		};
		25C0A8C72A78DE62002C1C2A /* Debug */ = {
			isa = XCBuildConfiguration;
			buildSettings = {
				ALWAYS_SEARCH_USER_PATHS = NO;
				CLANG_ANALYZER_NONNULL = YES;
				CLANG_ANALYZER_NUMBER_OBJECT_CONVERSION = YES_AGGRESSIVE;
				CLANG_CXX_LANGUAGE_STANDARD = "gnu++20";
				CLANG_ENABLE_MODULES = YES;
				CLANG_ENABLE_OBJC_ARC = YES;
				CLANG_ENABLE_OBJC_WEAK = YES;
				CLANG_WARN_BLOCK_CAPTURE_AUTORELEASING = YES;
				CLANG_WARN_BOOL_CONVERSION = YES;
				CLANG_WARN_COMMA = YES;
				CLANG_WARN_CONSTANT_CONVERSION = YES;
				CLANG_WARN_DEPRECATED_OBJC_IMPLEMENTATIONS = YES;
				CLANG_WARN_DIRECT_OBJC_ISA_USAGE = YES_ERROR;
				CLANG_WARN_DOCUMENTATION_COMMENTS = YES;
				CLANG_WARN_EMPTY_BODY = YES;
				CLANG_WARN_ENUM_CONVERSION = YES;
				CLANG_WARN_INFINITE_RECURSION = YES;
				CLANG_WARN_INT_CONVERSION = YES;
				CLANG_WARN_NON_LITERAL_NULL_CONVERSION = YES;
				CLANG_WARN_OBJC_IMPLICIT_RETAIN_SELF = YES;
				CLANG_WARN_OBJC_LITERAL_CONVERSION = YES;
				CLANG_WARN_OBJC_ROOT_CLASS = YES_ERROR;
				CLANG_WARN_QUOTED_INCLUDE_IN_FRAMEWORK_HEADER = YES;
				CLANG_WARN_RANGE_LOOP_ANALYSIS = YES;
				CLANG_WARN_STRICT_PROTOTYPES = YES;
				CLANG_WARN_SUSPICIOUS_MOVE = YES;
				CLANG_WARN_UNGUARDED_AVAILABILITY = YES_AGGRESSIVE;
				CLANG_WARN_UNREACHABLE_CODE = YES;
				CLANG_WARN__DUPLICATE_METHOD_MATCH = YES;
				COPY_PHASE_STRIP = NO;
				DEBUG_INFORMATION_FORMAT = dwarf;
				ENABLE_STRICT_OBJC_MSGSEND = YES;
				ENABLE_TESTABILITY = YES;
				GCC_C_LANGUAGE_STANDARD = gnu11;
				GCC_DYNAMIC_NO_PIC = NO;
				GCC_NO_COMMON_BLOCKS = YES;
				GCC_OPTIMIZATION_LEVEL = 0;
				GCC_PREPROCESSOR_DEFINITIONS = (
					"DEBUG=1",
					"$(inherited)",
				);
				GCC_WARN_64_TO_32_BIT_CONVERSION = YES;
				GCC_WARN_ABOUT_RETURN_TYPE = YES_ERROR;
				GCC_WARN_UNDECLARED_SELECTOR = YES;
				GCC_WARN_UNINITIALIZED_AUTOS = YES_AGGRESSIVE;
				GCC_WARN_UNUSED_FUNCTION = YES;
				GCC_WARN_UNUSED_VARIABLE = YES;
				LOCALIZATION_PREFERS_STRING_CATALOGS = YES;
				MACOSX_DEPLOYMENT_TARGET = 12.0;
				MTL_ENABLE_DEBUG_INFO = INCLUDE_SOURCE;
				MTL_FAST_MATH = YES;
				ONLY_ACTIVE_ARCH = YES;
				SDKROOT = macosx;
				STRING_CATALOG_GENERATE_SYMBOLS = YES;
				SWIFT_ACTIVE_COMPILATION_CONDITIONS = DEBUG;
				SWIFT_EMIT_LOC_STRINGS = YES;
				SWIFT_OPTIMIZATION_LEVEL = "-Onone";
			};
			name = Debug;
		};
		25C0A8C82A78DE62002C1C2A /* Release */ = {
			isa = XCBuildConfiguration;
			buildSettings = {
				ALWAYS_SEARCH_USER_PATHS = NO;
				CLANG_ANALYZER_NONNULL = YES;
				CLANG_ANALYZER_NUMBER_OBJECT_CONVERSION = YES_AGGRESSIVE;
				CLANG_CXX_LANGUAGE_STANDARD = "gnu++20";
				CLANG_ENABLE_MODULES = YES;
				CLANG_ENABLE_OBJC_ARC = YES;
				CLANG_ENABLE_OBJC_WEAK = YES;
				CLANG_WARN_BLOCK_CAPTURE_AUTORELEASING = YES;
				CLANG_WARN_BOOL_CONVERSION = YES;
				CLANG_WARN_COMMA = YES;
				CLANG_WARN_CONSTANT_CONVERSION = YES;
				CLANG_WARN_DEPRECATED_OBJC_IMPLEMENTATIONS = YES;
				CLANG_WARN_DIRECT_OBJC_ISA_USAGE = YES_ERROR;
				CLANG_WARN_DOCUMENTATION_COMMENTS = YES;
				CLANG_WARN_EMPTY_BODY = YES;
				CLANG_WARN_ENUM_CONVERSION = YES;
				CLANG_WARN_INFINITE_RECURSION = YES;
				CLANG_WARN_INT_CONVERSION = YES;
				CLANG_WARN_NON_LITERAL_NULL_CONVERSION = YES;
				CLANG_WARN_OBJC_IMPLICIT_RETAIN_SELF = YES;
				CLANG_WARN_OBJC_LITERAL_CONVERSION = YES;
				CLANG_WARN_OBJC_ROOT_CLASS = YES_ERROR;
				CLANG_WARN_QUOTED_INCLUDE_IN_FRAMEWORK_HEADER = YES;
				CLANG_WARN_RANGE_LOOP_ANALYSIS = YES;
				CLANG_WARN_STRICT_PROTOTYPES = YES;
				CLANG_WARN_SUSPICIOUS_MOVE = YES;
				CLANG_WARN_UNGUARDED_AVAILABILITY = YES_AGGRESSIVE;
				CLANG_WARN_UNREACHABLE_CODE = YES;
				CLANG_WARN__DUPLICATE_METHOD_MATCH = YES;
				COPY_PHASE_STRIP = NO;
				DEBUG_INFORMATION_FORMAT = "dwarf-with-dsym";
				ENABLE_NS_ASSERTIONS = NO;
				ENABLE_STRICT_OBJC_MSGSEND = YES;
				GCC_C_LANGUAGE_STANDARD = gnu11;
				GCC_NO_COMMON_BLOCKS = YES;
				GCC_WARN_64_TO_32_BIT_CONVERSION = YES;
				GCC_WARN_ABOUT_RETURN_TYPE = YES_ERROR;
				GCC_WARN_UNDECLARED_SELECTOR = YES;
				GCC_WARN_UNINITIALIZED_AUTOS = YES_AGGRESSIVE;
				GCC_WARN_UNUSED_FUNCTION = YES;
				GCC_WARN_UNUSED_VARIABLE = YES;
				LOCALIZATION_PREFERS_STRING_CATALOGS = YES;
				MACOSX_DEPLOYMENT_TARGET = 12.0;
				MTL_ENABLE_DEBUG_INFO = NO;
				MTL_FAST_MATH = YES;
				SDKROOT = macosx;
				STRING_CATALOG_GENERATE_SYMBOLS = YES;
				SWIFT_COMPILATION_MODE = wholemodule;
				SWIFT_EMIT_LOC_STRINGS = YES;
				SWIFT_OPTIMIZATION_LEVEL = "-O";
			};
			name = Release;
		};
		25C0A8CA2A78DE62002C1C2A /* Debug */ = {
			isa = XCBuildConfiguration;
			buildSettings = {
				ASSETCATALOG_COMPILER_APPICON_NAME = AppIcon;
				ASSETCATALOG_COMPILER_GLOBAL_ACCENT_COLOR_NAME = AccentColor;
				ASSETCATALOG_COMPILER_INCLUDE_ALL_APPICON_ASSETS = NO;
				CODE_SIGN_ENTITLEMENTS = MacPacker/MacPacker.entitlements;
				CODE_SIGN_STYLE = Automatic;
				COMBINE_HIDPI_IMAGES = YES;
				CURRENT_PROJECT_VERSION = 19;
				DEVELOPMENT_ASSET_PATHS = "\"MacPacker/Preview Content\"";
				DEVELOPMENT_TEAM = ZJ2TSMMJWF;
				ENABLE_APP_SANDBOX = YES;
				ENABLE_HARDENED_RUNTIME = YES;
				ENABLE_INCOMING_NETWORK_CONNECTIONS = NO;
				ENABLE_OUTGOING_NETWORK_CONNECTIONS = NO;
				ENABLE_PREVIEWS = YES;
				ENABLE_RESOURCE_ACCESS_AUDIO_INPUT = NO;
				ENABLE_RESOURCE_ACCESS_BLUETOOTH = NO;
				ENABLE_RESOURCE_ACCESS_CALENDARS = NO;
				ENABLE_RESOURCE_ACCESS_CAMERA = NO;
				ENABLE_RESOURCE_ACCESS_CONTACTS = NO;
				ENABLE_RESOURCE_ACCESS_LOCATION = NO;
				ENABLE_RESOURCE_ACCESS_PRINTING = NO;
				ENABLE_RESOURCE_ACCESS_USB = NO;
				FRAMEWORK_SEARCH_PATHS = "$(inherited)";
				GENERATE_INFOPLIST_FILE = YES;
				INFOPLIST_FILE = MacPacker/Info.plist;
				INFOPLIST_KEY_CFBundleDisplayName = MacPacker;
				INFOPLIST_KEY_LSApplicationCategoryType = "public.app-category.utilities";
				INFOPLIST_KEY_NSHumanReadableCopyright = "";
				LD_RUNPATH_SEARCH_PATHS = (
					"$(inherited)",
					"@executable_path/../Frameworks",
				);
				MACOSX_DEPLOYMENT_TARGET = 13.5;
				MARKETING_VERSION = 0.14;
				PRODUCT_BUNDLE_IDENTIFIER = com.sarensx.MacPacker;
				PRODUCT_NAME = "$(TARGET_NAME)";
				REGISTER_APP_GROUPS = YES;
				STRING_CATALOG_GENERATE_SYMBOLS = YES;
				SWIFT_DEFAULT_ACTOR_ISOLATION = nonisolated;
				SWIFT_EMIT_LOC_STRINGS = YES;
				SWIFT_STRICT_CONCURRENCY = complete;
				SWIFT_VERSION = 5.0;
			};
			name = Debug;
		};
		25C0A8CB2A78DE62002C1C2A /* Release */ = {
			isa = XCBuildConfiguration;
			buildSettings = {
				ASSETCATALOG_COMPILER_APPICON_NAME = AppIcon;
				ASSETCATALOG_COMPILER_GLOBAL_ACCENT_COLOR_NAME = AccentColor;
				ASSETCATALOG_COMPILER_INCLUDE_ALL_APPICON_ASSETS = NO;
				CODE_SIGN_ENTITLEMENTS = MacPacker/MacPacker.entitlements;
				CODE_SIGN_STYLE = Automatic;
				COMBINE_HIDPI_IMAGES = YES;
				CURRENT_PROJECT_VERSION = 19;
				DEVELOPMENT_ASSET_PATHS = "\"MacPacker/Preview Content\"";
				DEVELOPMENT_TEAM = ZJ2TSMMJWF;
				ENABLE_APP_SANDBOX = YES;
				ENABLE_HARDENED_RUNTIME = YES;
				ENABLE_INCOMING_NETWORK_CONNECTIONS = NO;
				ENABLE_OUTGOING_NETWORK_CONNECTIONS = NO;
				ENABLE_PREVIEWS = YES;
				ENABLE_RESOURCE_ACCESS_AUDIO_INPUT = NO;
				ENABLE_RESOURCE_ACCESS_BLUETOOTH = NO;
				ENABLE_RESOURCE_ACCESS_CALENDARS = NO;
				ENABLE_RESOURCE_ACCESS_CAMERA = NO;
				ENABLE_RESOURCE_ACCESS_CONTACTS = NO;
				ENABLE_RESOURCE_ACCESS_LOCATION = NO;
				ENABLE_RESOURCE_ACCESS_PRINTING = NO;
				ENABLE_RESOURCE_ACCESS_USB = NO;
				FRAMEWORK_SEARCH_PATHS = "$(inherited)";
				GENERATE_INFOPLIST_FILE = YES;
				INFOPLIST_FILE = MacPacker/Info.plist;
				INFOPLIST_KEY_CFBundleDisplayName = MacPacker;
				INFOPLIST_KEY_LSApplicationCategoryType = "public.app-category.utilities";
				INFOPLIST_KEY_NSHumanReadableCopyright = "";
				LD_RUNPATH_SEARCH_PATHS = (
					"$(inherited)",
					"@executable_path/../Frameworks",
				);
				MACOSX_DEPLOYMENT_TARGET = 13.5;
				MARKETING_VERSION = 0.14;
				PRODUCT_BUNDLE_IDENTIFIER = com.sarensx.MacPacker;
				PRODUCT_NAME = "$(TARGET_NAME)";
				REGISTER_APP_GROUPS = YES;
				STRING_CATALOG_GENERATE_SYMBOLS = YES;
				SWIFT_DEFAULT_ACTOR_ISOLATION = nonisolated;
				SWIFT_EMIT_LOC_STRINGS = YES;
				SWIFT_STRICT_CONCURRENCY = complete;
				SWIFT_VERSION = 5.0;
			};
			name = Release;
		};
/* End XCBuildConfiguration section */

/* Begin XCConfigurationList section */
		252F120B2E7ABDD9004CCEBE /* Build configuration list for PBXNativeTarget "FinderExtension" */ = {
			isa = XCConfigurationList;
			buildConfigurations = (
				252F120C2E7ABDD9004CCEBE /* Debug */,
				252F120D2E7ABDD9004CCEBE /* Release */,
			);
			defaultConfigurationIsVisible = 0;
			defaultConfigurationName = Release;
		};
		254BB5562ABBE8430059A1D5 /* Build configuration list for PBXNativeTarget "MacPacker Store" */ = {
			isa = XCConfigurationList;
			buildConfigurations = (
				254BB5572ABBE8430059A1D5 /* Debug */,
				254BB5582ABBE8430059A1D5 /* Release */,
			);
			defaultConfigurationIsVisible = 0;
			defaultConfigurationName = Release;
		};
		2567C83E2E8FB75F008E1BD8 /* Build configuration list for PBXNativeTarget "QuickLookExtension" */ = {
			isa = XCConfigurationList;
			buildConfigurations = (
				2567C83F2E8FB75F008E1BD8 /* Debug */,
				2567C8402E8FB75F008E1BD8 /* Release */,
			);
			defaultConfigurationIsVisible = 0;
			defaultConfigurationName = Release;
		};
		25C0A89F2A78DE5F002C1C2A /* Build configuration list for PBXProject "MacPacker" */ = {
			isa = XCConfigurationList;
			buildConfigurations = (
				25C0A8C72A78DE62002C1C2A /* Debug */,
				25C0A8C82A78DE62002C1C2A /* Release */,
			);
			defaultConfigurationIsVisible = 0;
			defaultConfigurationName = Release;
		};
		25C0A8C92A78DE62002C1C2A /* Build configuration list for PBXNativeTarget "MacPacker" */ = {
			isa = XCConfigurationList;
			buildConfigurations = (
				25C0A8CA2A78DE62002C1C2A /* Debug */,
				25C0A8CB2A78DE62002C1C2A /* Release */,
			);
			defaultConfigurationIsVisible = 0;
			defaultConfigurationName = Release;
		};
/* End XCConfigurationList section */

/* Begin XCRemoteSwiftPackageReference section */
		25404E0A2ED71F86004A4380 /* XCRemoteSwiftPackageReference "tailbeatkit" */ = {
			isa = XCRemoteSwiftPackageReference;
			repositoryURL = "https://github.com/tailbeat/tailbeatkit";
			requirement = {
				kind = upToNextMajorVersion;
				minimumVersion = 0.11.0;
			};
		};
		254BB55B2ABBE8F50059A1D5 /* XCRemoteSwiftPackageReference "Sparkle" */ = {
			isa = XCRemoteSwiftPackageReference;
			repositoryURL = "https://github.com/sparkle-project/Sparkle";
			requirement = {
				kind = upToNextMajorVersion;
				minimumVersion = 2.0.0;
			};
		};
		25C764232E6C6D5300464CF5 /* XCRemoteSwiftPackageReference "XADMasterSwift" */ = {
			isa = XCRemoteSwiftPackageReference;
			repositoryURL = "https://github.com/sarensw/XADMasterSwift";
			requirement = {
				branch = main;
				kind = branch;
			};
		};
/* End XCRemoteSwiftPackageReference section */

/* Begin XCSwiftPackageProductDependency section */
		254045182ECB50CD004A4380 /* Core */ = {
			isa = XCSwiftPackageProductDependency;
			productName = Core;
		};
		2540451A2ECB50D5004A4380 /* Core */ = {
			isa = XCSwiftPackageProductDependency;
			productName = Core;
		};
		2540451C2ECB5DEB004A4380 /* Core */ = {
			isa = XCSwiftPackageProductDependency;
			productName = Core;
		};
		25404E0B2ED71F86004A4380 /* TailBeatKit */ = {
			isa = XCSwiftPackageProductDependency;
			package = 25404E0A2ED71F86004A4380 /* XCRemoteSwiftPackageReference "tailbeatkit" */;
			productName = TailBeatKit;
		};
		254BB55C2ABBE8F50059A1D5 /* Sparkle */ = {
			isa = XCSwiftPackageProductDependency;
			package = 254BB55B2ABBE8F50059A1D5 /* XCRemoteSwiftPackageReference "Sparkle" */;
			productName = Sparkle;
		};
		25C764242E6C6D5300464CF5 /* XADMasterSwift */ = {
			isa = XCSwiftPackageProductDependency;
			package = 25C764232E6C6D5300464CF5 /* XCRemoteSwiftPackageReference "XADMasterSwift" */;
			productName = XADMasterSwift;
		};
		25C764262E6C6D6200464CF5 /* XADMasterSwift */ = {
			isa = XCSwiftPackageProductDependency;
			package = 25C764232E6C6D5300464CF5 /* XCRemoteSwiftPackageReference "XADMasterSwift" */;
			productName = XADMasterSwift;
		};
		25E426C92E6BEB3800F10BE5 /* XADMasterSwift */ = {
			isa = XCSwiftPackageProductDependency;
			productName = XADMasterSwift;
		};
/* End XCSwiftPackageProductDependency section */
	};
	rootObject = 25C0A89C2A78DE5F002C1C2A /* Project object */;
}
